PODS:
  - Alamofire (5.4.1)
  - Kingfisher (6.0.1)
  - MarqueeLabel (4.0.5)

DEPENDENCIES:
  - Alamofire
  - Kingfisher
  - MarqueeLabel

SPEC REPOS:
  trunk:
    - Alamofire
    - Kingfisher
    - MarqueeLabel

SPEC CHECKSUMS:
  Alamofire: 2291f7d21ca607c491dd17642e5d40fdcda0e65c
  Kingfisher: adde87a4f74f6a3845395769354efff593581740
  MarqueeLabel: 00cc0bcd087111dca575878b3531af980559707d

PODFILE CHECKSUM: c3b1001b7fbaf0771f6b3be34375e70b71752931

COCOAPODS: 1.10.0
