// !$*UTF8*$!
{
	archiveVersion = 1;
	classes = {
	};
	objectVersion = 50;
	objects = {

/* Begin PBXBuildFile section */
		138FBFC20B2A47A1784428A6 /* Pods_BeerApp.framework in Frameworks */ = {isa = PBXBuildFile; fileRef = C1C83F2E5E13676C47587B02 /* Pods_BeerApp.framework */; };
		13EE6D7425BC6489001AB6A9 /* AppDelegate.swift in Sources */ = {isa = PBXBuildFile; fileRef = 13EE6D7325BC6489001AB6A9 /* AppDelegate.swift */; };
		13EE6D7625BC6489001AB6A9 /* SceneDelegate.swift in Sources */ = {isa = PBXBuildFile; fileRef = 13EE6D7525BC6489001AB6A9 /* SceneDelegate.swift */; };
		13EE6D7825BC6489001AB6A9 /* ViewController.swift in Sources */ = {isa = PBXBuildFile; fileRef = 13EE6D7725BC6489001AB6A9 /* ViewController.swift */; };
		13EE6D7B25BC6489001AB6A9 /* Main.storyboard in Resources */ = {isa = PBXBuildFile; fileRef = 13EE6D7925BC6489001AB6A9 /* Main.storyboard */; };
		13EE6D7D25BC648B001AB6A9 /* Assets.xcassets in Resources */ = {isa = PBXBuildFile; fileRef = 13EE6D7C25BC648B001AB6A9 /* Assets.xcassets */; };
		13EE6D8025BC648B001AB6A9 /* LaunchScreen.storyboard in Resources */ = {isa = PBXBuildFile; fileRef = 13EE6D7E25BC648B001AB6A9 /* LaunchScreen.storyboard */; };
		13EE6D8B25BC648B001AB6A9 /* BeerAppTests.swift in Sources */ = {isa = PBXBuildFile; fileRef = 13EE6D8A25BC648B001AB6A9 /* BeerAppTests.swift */; };
		13EE6D9625BC648B001AB6A9 /* BeerAppUITests.swift in Sources */ = {isa = PBXBuildFile; fileRef = 13EE6D9525BC648B001AB6A9 /* BeerAppUITests.swift */; };
		1D42358B818C84A9897E8C20 /* Pods_BeerApp_BeerAppUITests.framework in Frameworks */ = {isa = PBXBuildFile; fileRef = 29E57B2348446D6F0109849A /* Pods_BeerApp_BeerAppUITests.framework */; };
		213D6F7B92CE782411CBA40C /* Pods_BeerAppTests.framework in Frameworks */ = {isa = PBXBuildFile; fileRef = 3FA79F0CB2A9A6C0606301FA /* Pods_BeerAppTests.framework */; };
/* End PBXBuildFile section */

/* Begin PBXContainerItemProxy section */
		13EE6D8725BC648B001AB6A9 /* PBXContainerItemProxy */ = {
			isa = PBXContainerItemProxy;
			containerPortal = 13EE6D6825BC6489001AB6A9 /* Project object */;
			proxyType = 1;
			remoteGlobalIDString = 13EE6D6F25BC6489001AB6A9;
			remoteInfo = BeerApp;
		};
		13EE6D9225BC648B001AB6A9 /* PBXContainerItemProxy */ = {
			isa = PBXContainerItemProxy;
			containerPortal = 13EE6D6825BC6489001AB6A9 /* Project object */;
			proxyType = 1;
			remoteGlobalIDString = 13EE6D6F25BC6489001AB6A9;
			remoteInfo = BeerApp;
		};
/* End PBXContainerItemProxy section */

/* Begin PBXFileReference section */
		13EE6D7025BC6489001AB6A9 /* BeerApp.app */ = {isa = PBXFileReference; explicitFileType = wrapper.application; includeInIndex = 0; path = BeerApp.app; sourceTree = BUILT_PRODUCTS_DIR; };
		13EE6D7325BC6489001AB6A9 /* AppDelegate.swift */ = {isa = PBXFileReference; lastKnownFileType = sourcecode.swift; path = AppDelegate.swift; sourceTree = "<group>"; };
		13EE6D7525BC6489001AB6A9 /* SceneDelegate.swift */ = {isa = PBXFileReference; lastKnownFileType = sourcecode.swift; path = SceneDelegate.swift; sourceTree = "<group>"; };
		13EE6D7725BC6489001AB6A9 /* ViewController.swift */ = {isa = PBXFileReference; lastKnownFileType = sourcecode.swift; path = ViewController.swift; sourceTree = "<group>"; };
		13EE6D7A25BC6489001AB6A9 /* Base */ = {isa = PBXFileReference; lastKnownFileType = file.storyboard; name = Base; path = Base.lproj/Main.storyboard; sourceTree = "<group>"; };
		13EE6D7C25BC648B001AB6A9 /* Assets.xcassets */ = {isa = PBXFileReference; lastKnownFileType = folder.assetcatalog; path = Assets.xcassets; sourceTree = "<group>"; };
		13EE6D7F25BC648B001AB6A9 /* Base */ = {isa = PBXFileReference; lastKnownFileType = file.storyboard; name = Base; path = Base.lproj/LaunchScreen.storyboard; sourceTree = "<group>"; };
		13EE6D8125BC648B001AB6A9 /* Info.plist */ = {isa = PBXFileReference; lastKnownFileType = text.plist.xml; path = Info.plist; sourceTree = "<group>"; };
		13EE6D8625BC648B001AB6A9 /* BeerAppTests.xctest */ = {isa = PBXFileReference; explicitFileType = wrapper.cfbundle; includeInIndex = 0; path = BeerAppTests.xctest; sourceTree = BUILT_PRODUCTS_DIR; };
		13EE6D8A25BC648B001AB6A9 /* BeerAppTests.swift */ = {isa = PBXFileReference; lastKnownFileType = sourcecode.swift; path = BeerAppTests.swift; sourceTree = "<group>"; };
		13EE6D8C25BC648B001AB6A9 /* Info.plist */ = {isa = PBXFileReference; lastKnownFileType = text.plist.xml; path = Info.plist; sourceTree = "<group>"; };
		13EE6D9125BC648B001AB6A9 /* BeerAppUITests.xctest */ = {isa = PBXFileReference; explicitFileType = wrapper.cfbundle; includeInIndex = 0; path = BeerAppUITests.xctest; sourceTree = BUILT_PRODUCTS_DIR; };
		13EE6D9525BC648B001AB6A9 /* BeerAppUITests.swift */ = {isa = PBXFileReference; lastKnownFileType = sourcecode.swift; path = BeerAppUITests.swift; sourceTree = "<group>"; };
		13EE6D9725BC648B001AB6A9 /* Info.plist */ = {isa = PBXFileReference; lastKnownFileType = text.plist.xml; path = Info.plist; sourceTree = "<group>"; };
		29E57B2348446D6F0109849A /* Pods_BeerApp_BeerAppUITests.framework */ = {isa = PBXFileReference; explicitFileType = wrapper.framework; includeInIndex = 0; path = Pods_BeerApp_BeerAppUITests.framework; sourceTree = BUILT_PRODUCTS_DIR; };
		39821F87811D6E3B9CFA7ECC /* Pods-BeerApp-BeerAppUITests.release.xcconfig */ = {isa = PBXFileReference; includeInIndex = 1; lastKnownFileType = text.xcconfig; name = "Pods-BeerApp-BeerAppUITests.release.xcconfig"; path = "Target Support Files/Pods-BeerApp-BeerAppUITests/Pods-BeerApp-BeerAppUITests.release.xcconfig"; sourceTree = "<group>"; };
		3FA79F0CB2A9A6C0606301FA /* Pods_BeerAppTests.framework */ = {isa = PBXFileReference; explicitFileType = wrapper.framework; includeInIndex = 0; path = Pods_BeerAppTests.framework; sourceTree = BUILT_PRODUCTS_DIR; };
		4A57F6017A7906924E664569 /* Pods-BeerAppTests.release.xcconfig */ = {isa = PBXFileReference; includeInIndex = 1; lastKnownFileType = text.xcconfig; name = "Pods-BeerAppTests.release.xcconfig"; path = "Target Support Files/Pods-BeerAppTests/Pods-BeerAppTests.release.xcconfig"; sourceTree = "<group>"; };
		7980445F62393DABB3FF953E /* Pods-BeerAppTests.debug.xcconfig */ = {isa = PBXFileReference; includeInIndex = 1; lastKnownFileType = text.xcconfig; name = "Pods-BeerAppTests.debug.xcconfig"; path = "Target Support Files/Pods-BeerAppTests/Pods-BeerAppTests.debug.xcconfig"; sourceTree = "<group>"; };
		8C0F42F84BAF574276845C50 /* Pods-BeerApp.release.xcconfig */ = {isa = PBXFileReference; includeInIndex = 1; lastKnownFileType = text.xcconfig; name = "Pods-BeerApp.release.xcconfig"; path = "Target Support Files/Pods-BeerApp/Pods-BeerApp.release.xcconfig"; sourceTree = "<group>"; };
		C13FACE54B71021C33F76231 /* Pods-BeerApp-BeerAppUITests.debug.xcconfig */ = {isa = PBXFileReference; includeInIndex = 1; lastKnownFileType = text.xcconfig; name = "Pods-BeerApp-BeerAppUITests.debug.xcconfig"; path = "Target Support Files/Pods-BeerApp-BeerAppUITests/Pods-BeerApp-BeerAppUITests.debug.xcconfig"; sourceTree = "<group>"; };
		C1C83F2E5E13676C47587B02 /* Pods_BeerApp.framework */ = {isa = PBXFileReference; explicitFileType = wrapper.framework; includeInIndex = 0; path = Pods_BeerApp.framework; sourceTree = BUILT_PRODUCTS_DIR; };
		E4445534F13DC8406B2FFB79 /* Pods-BeerApp.debug.xcconfig */ = {isa = PBXFileReference; includeInIndex = 1; lastKnownFileType = text.xcconfig; name = "Pods-BeerApp.debug.xcconfig"; path = "Target Support Files/Pods-BeerApp/Pods-BeerApp.debug.xcconfig"; sourceTree = "<group>"; };
/* End PBXFileReference section */

/* Begin PBXFrameworksBuildPhase section */
		13EE6D6D25BC6489001AB6A9 /* Frameworks */ = {
			isa = PBXFrameworksBuildPhase;
			buildActionMask = 2147483647;
			files = (
				138FBFC20B2A47A1784428A6 /* Pods_BeerApp.framework in Frameworks */,
			);
			runOnlyForDeploymentPostprocessing = 0;
		};
		13EE6D8325BC648B001AB6A9 /* Frameworks */ = {
			isa = PBXFrameworksBuildPhase;
			buildActionMask = 2147483647;
			files = (
				213D6F7B92CE782411CBA40C /* Pods_BeerAppTests.framework in Frameworks */,
			);
			runOnlyForDeploymentPostprocessing = 0;
		};
		13EE6D8E25BC648B001AB6A9 /* Frameworks */ = {
			isa = PBXFrameworksBuildPhase;
			buildActionMask = 2147483647;
			files = (
				1D42358B818C84A9897E8C20 /* Pods_BeerApp_BeerAppUITests.framework in Frameworks */,
			);
			runOnlyForDeploymentPostprocessing = 0;
		};
/* End PBXFrameworksBuildPhase section */

/* Begin PBXGroup section */
		13EE6D6725BC6489001AB6A9 = {
			isa = PBXGroup;
			children = (
				13EE6D7225BC6489001AB6A9 /* BeerApp */,
				13EE6D8925BC648B001AB6A9 /* BeerAppTests */,
				13EE6D9425BC648B001AB6A9 /* BeerAppUITests */,
				13EE6D7125BC6489001AB6A9 /* Products */,
				49F20C65A1ED31F179919CED /* Pods */,
				687ECECB23484B905391A9E4 /* Frameworks */,
			);
			sourceTree = "<group>";
		};
		13EE6D7125BC6489001AB6A9 /* Products */ = {
			isa = PBXGroup;
			children = (
				13EE6D7025BC6489001AB6A9 /* BeerApp.app */,
				13EE6D8625BC648B001AB6A9 /* BeerAppTests.xctest */,
				13EE6D9125BC648B001AB6A9 /* BeerAppUITests.xctest */,
			);
			name = Products;
			sourceTree = "<group>";
		};
		13EE6D7225BC6489001AB6A9 /* BeerApp */ = {
			isa = PBXGroup;
			children = (
				13EE6D7325BC6489001AB6A9 /* AppDelegate.swift */,
				13EE6D7525BC6489001AB6A9 /* SceneDelegate.swift */,
				13EE6D7725BC6489001AB6A9 /* ViewController.swift */,
				13EE6D7925BC6489001AB6A9 /* Main.storyboard */,
				13EE6D7C25BC648B001AB6A9 /* Assets.xcassets */,
				13EE6D7E25BC648B001AB6A9 /* LaunchScreen.storyboard */,
				13EE6D8125BC648B001AB6A9 /* Info.plist */,
			);
			path = BeerApp;
			sourceTree = "<group>";
		};
		13EE6D8925BC648B001AB6A9 /* BeerAppTests */ = {
			isa = PBXGroup;
			children = (
				13EE6D8A25BC648B001AB6A9 /* BeerAppTests.swift */,
				13EE6D8C25BC648B001AB6A9 /* Info.plist */,
			);
			path = BeerAppTests;
			sourceTree = "<group>";
		};
		13EE6D9425BC648B001AB6A9 /* BeerAppUITests */ = {
			isa = PBXGroup;
			children = (
				13EE6D9525BC648B001AB6A9 /* BeerAppUITests.swift */,
				13EE6D9725BC648B001AB6A9 /* Info.plist */,
			);
			path = BeerAppUITests;
			sourceTree = "<group>";
		};
		49F20C65A1ED31F179919CED /* Pods */ = {
			isa = PBXGroup;
			children = (
				E4445534F13DC8406B2FFB79 /* Pods-BeerApp.debug.xcconfig */,
				8C0F42F84BAF574276845C50 /* Pods-BeerApp.release.xcconfig */,
				C13FACE54B71021C33F76231 /* Pods-BeerApp-BeerAppUITests.debug.xcconfig */,
				39821F87811D6E3B9CFA7ECC /* Pods-BeerApp-BeerAppUITests.release.xcconfig */,
				7980445F62393DABB3FF953E /* Pods-BeerAppTests.debug.xcconfig */,
				4A57F6017A7906924E664569 /* Pods-BeerAppTests.release.xcconfig */,
			);
			name = Pods;
			path = Pods;
			sourceTree = "<group>";
		};
		687ECECB23484B905391A9E4 /* Frameworks */ = {
			isa = PBXGroup;
			children = (
				C1C83F2E5E13676C47587B02 /* Pods_BeerApp.framework */,
				29E57B2348446D6F0109849A /* Pods_BeerApp_BeerAppUITests.framework */,
				3FA79F0CB2A9A6C0606301FA /* Pods_BeerAppTests.framework */,
			);
			name = Frameworks;
			sourceTree = "<group>";
		};
/* End PBXGroup section */

/* Begin PBXNativeTarget section */
		13EE6D6F25BC6489001AB6A9 /* BeerApp */ = {
			isa = PBXNativeTarget;
			buildConfigurationList = 13EE6D9A25BC648B001AB6A9 /* Build configuration list for PBXNativeTarget "BeerApp" */;
			buildPhases = (
				9C78D29F53556E1E34EF86AF /* [CP] Check Pods Manifest.lock */,
				13EE6D6C25BC6489001AB6A9 /* Sources */,
				13EE6D6D25BC6489001AB6A9 /* Frameworks */,
				13EE6D6E25BC6489001AB6A9 /* Resources */,
				C30C86254515BBDE8B47E53B /* [CP] Embed Pods Frameworks */,
			);
			buildRules = (
			);
			dependencies = (
			);
			name = BeerApp;
			productName = BeerApp;
			productReference = 13EE6D7025BC6489001AB6A9 /* BeerApp.app */;
			productType = "com.apple.product-type.application";
		};
		13EE6D8525BC648B001AB6A9 /* BeerAppTests */ = {
			isa = PBXNativeTarget;
			buildConfigurationList = 13EE6D9D25BC648B001AB6A9 /* Build configuration list for PBXNativeTarget "BeerAppTests" */;
			buildPhases = (
				BABD6E8A4ACBBE2A6FB25265 /* [CP] Check Pods Manifest.lock */,
				13EE6D8225BC648B001AB6A9 /* Sources */,
				13EE6D8325BC648B001AB6A9 /* Frameworks */,
				13EE6D8425BC648B001AB6A9 /* Resources */,
			);
			buildRules = (
			);
			dependencies = (
				13EE6D8825BC648B001AB6A9 /* PBXTargetDependency */,
			);
			name = BeerAppTests;
			productName = BeerAppTests;
			productReference = 13EE6D8625BC648B001AB6A9 /* BeerAppTests.xctest */;
			productType = "com.apple.product-type.bundle.unit-test";
		};
		13EE6D9025BC648B001AB6A9 /* BeerAppUITests */ = {
			isa = PBXNativeTarget;
			buildConfigurationList = 13EE6DA025BC648B001AB6A9 /* Build configuration list for PBXNativeTarget "BeerAppUITests" */;
			buildPhases = (
				A94A236FD7C7E051EA410DF0 /* [CP] Check Pods Manifest.lock */,
				13EE6D8D25BC648B001AB6A9 /* Sources */,
				13EE6D8E25BC648B001AB6A9 /* Frameworks */,
				13EE6D8F25BC648B001AB6A9 /* Resources */,
				CBF901E240046824868415DE /* [CP] Embed Pods Frameworks */,
			);
			buildRules = (
			);
			dependencies = (
				13EE6D9325BC648B001AB6A9 /* PBXTargetDependency */,
			);
			name = BeerAppUITests;
			productName = BeerAppUITests;
			productReference = 13EE6D9125BC648B001AB6A9 /* BeerAppUITests.xctest */;
			productType = "com.apple.product-type.bundle.ui-testing";
		};
/* End PBXNativeTarget section */

/* Begin PBXProject section */
		13EE6D6825BC6489001AB6A9 /* Project object */ = {
			isa = PBXProject;
			attributes = {
				LastSwiftUpdateCheck = 1210;
				LastUpgradeCheck = 1210;
				TargetAttributes = {
					13EE6D6F25BC6489001AB6A9 = {
						CreatedOnToolsVersion = 12.1;
					};
					13EE6D8525BC648B001AB6A9 = {
						CreatedOnToolsVersion = 12.1;
						TestTargetID = 13EE6D6F25BC6489001AB6A9;
					};
					13EE6D9025BC648B001AB6A9 = {
						CreatedOnToolsVersion = 12.1;
						TestTargetID = 13EE6D6F25BC6489001AB6A9;
					};
				};
			};
			buildConfigurationList = 13EE6D6B25BC6489001AB6A9 /* Build configuration list for PBXProject "BeerApp" */;
			compatibilityVersion = "Xcode 9.3";
			developmentRegion = en;
			hasScannedForEncodings = 0;
			knownRegions = (
				en,
				Base,
			);
			mainGroup = 13EE6D6725BC6489001AB6A9;
			productRefGroup = 13EE6D7125BC6489001AB6A9 /* Products */;
			projectDirPath = "";
			projectRoot = "";
			targets = (
				13EE6D6F25BC6489001AB6A9 /* BeerApp */,
				13EE6D8525BC648B001AB6A9 /* BeerAppTests */,
				13EE6D9025BC648B001AB6A9 /* BeerAppUITests */,
			);
		};
/* End PBXProject section */

/* Begin PBXResourcesBuildPhase section */
		13EE6D6E25BC6489001AB6A9 /* Resources */ = {
			isa = PBXResourcesBuildPhase;
			buildActionMask = 2147483647;
			files = (
				13EE6D8025BC648B001AB6A9 /* LaunchScreen.storyboard in Resources */,
				13EE6D7D25BC648B001AB6A9 /* Assets.xcassets in Resources */,
				13EE6D7B25BC6489001AB6A9 /* Main.storyboard in Resources */,
			);
			runOnlyForDeploymentPostprocessing = 0;
		};
		13EE6D8425BC648B001AB6A9 /* Resources */ = {
			isa = PBXResourcesBuildPhase;
			buildActionMask = 2147483647;
			files = (
			);
			runOnlyForDeploymentPostprocessing = 0;
		};
		13EE6D8F25BC648B001AB6A9 /* Resources */ = {
			isa = PBXResourcesBuildPhase;
			buildActionMask = 2147483647;
			files = (
			);
			runOnlyForDeploymentPostprocessing = 0;
		};
/* End PBXResourcesBuildPhase section */

/* Begin PBXShellScriptBuildPhase section */
		9C78D29F53556E1E34EF86AF /* [CP] Check Pods Manifest.lock */ = {
			isa = PBXShellScriptBuildPhase;
			buildActionMask = 2147483647;
			files = (
			);
			inputFileListPaths = (
			);
			inputPaths = (
				"${PODS_PODFILE_DIR_PATH}/Podfile.lock",
				"${PODS_ROOT}/Manifest.lock",
			);
			name = "[CP] Check Pods Manifest.lock";
			outputFileListPaths = (
			);
			outputPaths = (
				"$(DERIVED_FILE_DIR)/Pods-BeerApp-checkManifestLockResult.txt",
			);
			runOnlyForDeploymentPostprocessing = 0;
			shellPath = /bin/sh;
			shellScript = "diff \"${PODS_PODFILE_DIR_PATH}/Podfile.lock\" \"${PODS_ROOT}/Manifest.lock\" > /dev/null\nif [ $? != 0 ] ; then\n    # print error to STDERR\n    echo \"error: The sandbox is not in sync with the Podfile.lock. Run 'pod install' or update your CocoaPods installation.\" >&2\n    exit 1\nfi\n# This output is used by Xcode 'outputs' to avoid re-running this script phase.\necho \"SUCCESS\" > \"${SCRIPT_OUTPUT_FILE_0}\"\n";
			showEnvVarsInLog = 0;
		};
		A94A236FD7C7E051EA410DF0 /* [CP] Check Pods Manifest.lock */ = {
			isa = PBXShellScriptBuildPhase;
			buildActionMask = 2147483647;
			files = (
			);
			inputFileListPaths = (
			);
			inputPaths = (
				"${PODS_PODFILE_DIR_PATH}/Podfile.lock",
				"${PODS_ROOT}/Manifest.lock",
			);
			name = "[CP] Check Pods Manifest.lock";
			outputFileListPaths = (
			);
			outputPaths = (
				"$(DERIVED_FILE_DIR)/Pods-BeerApp-BeerAppUITests-checkManifestLockResult.txt",
			);
			runOnlyForDeploymentPostprocessing = 0;
			shellPath = /bin/sh;
			shellScript = "diff \"${PODS_PODFILE_DIR_PATH}/Podfile.lock\" \"${PODS_ROOT}/Manifest.lock\" > /dev/null\nif [ $? != 0 ] ; then\n    # print error to STDERR\n    echo \"error: The sandbox is not in sync with the Podfile.lock. Run 'pod install' or update your CocoaPods installation.\" >&2\n    exit 1\nfi\n# This output is used by Xcode 'outputs' to avoid re-running this script phase.\necho \"SUCCESS\" > \"${SCRIPT_OUTPUT_FILE_0}\"\n";
			showEnvVarsInLog = 0;
		};
		BABD6E8A4ACBBE2A6FB25265 /* [CP] Check Pods Manifest.lock */ = {
			isa = PBXShellScriptBuildPhase;
			buildActionMask = 2147483647;
			files = (
			);
			inputFileListPaths = (
			);
			inputPaths = (
				"${PODS_PODFILE_DIR_PATH}/Podfile.lock",
				"${PODS_ROOT}/Manifest.lock",
			);
			name = "[CP] Check Pods Manifest.lock";
			outputFileListPaths = (
			);
			outputPaths = (
				"$(DERIVED_FILE_DIR)/Pods-BeerAppTests-checkManifestLockResult.txt",
			);
			runOnlyForDeploymentPostprocessing = 0;
			shellPath = /bin/sh;
			shellScript = "diff \"${PODS_PODFILE_DIR_PATH}/Podfile.lock\" \"${PODS_ROOT}/Manifest.lock\" > /dev/null\nif [ $? != 0 ] ; then\n    # print error to STDERR\n    echo \"error: The sandbox is not in sync with the Podfile.lock. Run 'pod install' or update your CocoaPods installation.\" >&2\n    exit 1\nfi\n# This output is used by Xcode 'outputs' to avoid re-running this script phase.\necho \"SUCCESS\" > \"${SCRIPT_OUTPUT_FILE_0}\"\n";
			showEnvVarsInLog = 0;
		};
		C30C86254515BBDE8B47E53B /* [CP] Embed Pods Frameworks */ = {
			isa = PBXShellScriptBuildPhase;
			buildActionMask = 2147483647;
			files = (
			);
			inputFileListPaths = (
				"${PODS_ROOT}/Target Support Files/Pods-BeerApp/Pods-BeerApp-frameworks-${CONFIGURATION}-input-files.xcfilelist",
			);
			name = "[CP] Embed Pods Frameworks";
			outputFileListPaths = (
				"${PODS_ROOT}/Target Support Files/Pods-BeerApp/Pods-BeerApp-frameworks-${CONFIGURATION}-output-files.xcfilelist",
			);
			runOnlyForDeploymentPostprocessing = 0;
			shellPath = /bin/sh;
			shellScript = "\"${PODS_ROOT}/Target Support Files/Pods-BeerApp/Pods-BeerApp-frameworks.sh\"\n";
			showEnvVarsInLog = 0;
		};
		CBF901E240046824868415DE /* [CP] Embed Pods Frameworks */ = {
			isa = PBXShellScriptBuildPhase;
			buildActionMask = 2147483647;
			files = (
			);
			inputFileListPaths = (
				"${PODS_ROOT}/Target Support Files/Pods-BeerApp-BeerAppUITests/Pods-BeerApp-BeerAppUITests-frameworks-${CONFIGURATION}-input-files.xcfilelist",
			);
			name = "[CP] Embed Pods Frameworks";
			outputFileListPaths = (
				"${PODS_ROOT}/Target Support Files/Pods-BeerApp-BeerAppUITests/Pods-BeerApp-BeerAppUITests-frameworks-${CONFIGURATION}-output-files.xcfilelist",
			);
			runOnlyForDeploymentPostprocessing = 0;
			shellPath = /bin/sh;
			shellScript = "\"${PODS_ROOT}/Target Support Files/Pods-BeerApp-BeerAppUITests/Pods-BeerApp-BeerAppUITests-frameworks.sh\"\n";
			showEnvVarsInLog = 0;
		};
/* End PBXShellScriptBuildPhase section */

/* Begin PBXSourcesBuildPhase section */
		13EE6D6C25BC6489001AB6A9 /* Sources */ = {
			isa = PBXSourcesBuildPhase;
			buildActionMask = 2147483647;
			files = (
				13EE6D7825BC6489001AB6A9 /* ViewController.swift in Sources */,
				13EE6D7425BC6489001AB6A9 /* AppDelegate.swift in Sources */,
				13EE6D7625BC6489001AB6A9 /* SceneDelegate.swift in Sources */,
			);
			runOnlyForDeploymentPostprocessing = 0;
		};
		13EE6D8225BC648B001AB6A9 /* Sources */ = {
			isa = PBXSourcesBuildPhase;
			buildActionMask = 2147483647;
			files = (
				13EE6D8B25BC648B001AB6A9 /* BeerAppTests.swift in Sources */,
			);
			runOnlyForDeploymentPostprocessing = 0;
		};
		13EE6D8D25BC648B001AB6A9 /* Sources */ = {
			isa = PBXSourcesBuildPhase;
			buildActionMask = 2147483647;
			files = (
				13EE6D9625BC648B001AB6A9 /* BeerAppUITests.swift in Sources */,
			);
			runOnlyForDeploymentPostprocessing = 0;
		};
/* End PBXSourcesBuildPhase section */

/* Begin PBXTargetDependency section */
		13EE6D8825BC648B001AB6A9 /* PBXTargetDependency */ = {
			isa = PBXTargetDependency;
			target = 13EE6D6F25BC6489001AB6A9 /* BeerApp */;
			targetProxy = 13EE6D8725BC648B001AB6A9 /* PBXContainerItemProxy */;
		};
		13EE6D9325BC648B001AB6A9 /* PBXTargetDependency */ = {
			isa = PBXTargetDependency;
			target = 13EE6D6F25BC6489001AB6A9 /* BeerApp */;
			targetProxy = 13EE6D9225BC648B001AB6A9 /* PBXContainerItemProxy */;
		};
/* End PBXTargetDependency section */

/* Begin PBXVariantGroup section */
		13EE6D7925BC6489001AB6A9 /* Main.storyboard */ = {
			isa = PBXVariantGroup;
			children = (
				13EE6D7A25BC6489001AB6A9 /* Base */,
			);
			name = Main.storyboard;
			sourceTree = "<group>";
		};
		13EE6D7E25BC648B001AB6A9 /* LaunchScreen.storyboard */ = {
			isa = PBXVariantGroup;
			children = (
				13EE6D7F25BC648B001AB6A9 /* Base */,
			);
			name = LaunchScreen.storyboard;
			sourceTree = "<group>";
		};
/* End PBXVariantGroup section */

/* Begin XCBuildConfiguration section */
		13EE6D9825BC648B001AB6A9 /* Debug */ = {
			isa = XCBuildConfiguration;
			buildSettings = {
				ALWAYS_SEARCH_USER_PATHS = NO;
				CLANG_ANALYZER_NONNULL = YES;
				CLANG_ANALYZER_NUMBER_OBJECT_CONVERSION = YES_AGGRESSIVE;
				CLANG_CXX_LANGUAGE_STANDARD = "gnu++14";
				CLANG_CXX_LIBRARY = "libc++";
				CLANG_ENABLE_MODULES = YES;
				CLANG_ENABLE_OBJC_ARC = YES;
				CLANG_ENABLE_OBJC_WEAK = YES;
				CLANG_WARN_BLOCK_CAPTURE_AUTORELEASING = YES;
				CLANG_WARN_BOOL_CONVERSION = YES;
				CLANG_WARN_COMMA = YES;
				CLANG_WARN_CONSTANT_CONVERSION = YES;
				CLANG_WARN_DEPRECATED_OBJC_IMPLEMENTATIONS = YES;
				CLANG_WARN_DIRECT_OBJC_ISA_USAGE = YES_ERROR;
				CLANG_WARN_DOCUMENTATION_COMMENTS = YES;
				CLANG_WARN_EMPTY_BODY = YES;
				CLANG_WARN_ENUM_CONVERSION = YES;
				CLANG_WARN_INFINITE_RECURSION = YES;
				CLANG_WARN_INT_CONVERSION = YES;
				CLANG_WARN_NON_LITERAL_NULL_CONVERSION = YES;
				CLANG_WARN_OBJC_IMPLICIT_RETAIN_SELF = YES;
				CLANG_WARN_OBJC_LITERAL_CONVERSION = YES;
				CLANG_WARN_OBJC_ROOT_CLASS = YES_ERROR;
				CLANG_WARN_QUOTED_INCLUDE_IN_FRAMEWORK_HEADER = YES;
				CLANG_WARN_RANGE_LOOP_ANALYSIS = YES;
				CLANG_WARN_STRICT_PROTOTYPES = YES;
				CLANG_WARN_SUSPICIOUS_MOVE = YES;
				CLANG_WARN_UNGUARDED_AVAILABILITY = YES_AGGRESSIVE;
				CLANG_WARN_UNREACHABLE_CODE = YES;
				CLANG_WARN__DUPLICATE_METHOD_MATCH = YES;
				COPY_PHASE_STRIP = NO;
				DEBUG_INFORMATION_FORMAT = dwarf;
				ENABLE_STRICT_OBJC_MSGSEND = YES;
				ENABLE_TESTABILITY = YES;
				GCC_C_LANGUAGE_STANDARD = gnu11;
				GCC_DYNAMIC_NO_PIC = NO;
				GCC_NO_COMMON_BLOCKS = YES;
				GCC_OPTIMIZATION_LEVEL = 0;
				GCC_PREPROCESSOR_DEFINITIONS = (
					"DEBUG=1",
					"$(inherited)",
				);
				GCC_WARN_64_TO_32_BIT_CONVERSION = YES;
				GCC_WARN_ABOUT_RETURN_TYPE = YES_ERROR;
				GCC_WARN_UNDECLARED_SELECTOR = YES;
				GCC_WARN_UNINITIALIZED_AUTOS = YES_AGGRESSIVE;
				GCC_WARN_UNUSED_FUNCTION = YES;
				GCC_WARN_UNUSED_VARIABLE = YES;
				IPHONEOS_DEPLOYMENT_TARGET = 14.1;
				MTL_ENABLE_DEBUG_INFO = INCLUDE_SOURCE;
				MTL_FAST_MATH = YES;
				ONLY_ACTIVE_ARCH = YES;
				SDKROOT = iphoneos;
				SWIFT_ACTIVE_COMPILATION_CONDITIONS = DEBUG;
				SWIFT_OPTIMIZATION_LEVEL = "-Onone";
			};
			name = Debug;
		};
		13EE6D9925BC648B001AB6A9 /* Release */ = {
			isa = XCBuildConfiguration;
			buildSettings = {
				ALWAYS_SEARCH_USER_PATHS = NO;
				CLANG_ANALYZER_NONNULL = YES;
				CLANG_ANALYZER_NUMBER_OBJECT_CONVERSION = YES_AGGRESSIVE;
				CLANG_CXX_LANGUAGE_STANDARD = "gnu++14";
				CLANG_CXX_LIBRARY = "libc++";
				CLANG_ENABLE_MODULES = YES;
				CLANG_ENABLE_OBJC_ARC = YES;
				CLANG_ENABLE_OBJC_WEAK = YES;
				CLANG_WARN_BLOCK_CAPTURE_AUTORELEASING = YES;
				CLANG_WARN_BOOL_CONVERSION = YES;
				CLANG_WARN_COMMA = YES;
				CLANG_WARN_CONSTANT_CONVERSION = YES;
				CLANG_WARN_DEPRECATED_OBJC_IMPLEMENTATIONS = YES;
				CLANG_WARN_DIRECT_OBJC_ISA_USAGE = YES_ERROR;
				CLANG_WARN_DOCUMENTATION_COMMENTS = YES;
				CLANG_WARN_EMPTY_BODY = YES;
				CLANG_WARN_ENUM_CONVERSION = YES;
				CLANG_WARN_INFINITE_RECURSION = YES;
				CLANG_WARN_INT_CONVERSION = YES;
				CLANG_WARN_NON_LITERAL_NULL_CONVERSION = YES;
				CLANG_WARN_OBJC_IMPLICIT_RETAIN_SELF = YES;
				CLANG_WARN_OBJC_LITERAL_CONVERSION = YES;
				CLANG_WARN_OBJC_ROOT_CLASS = YES_ERROR;
				CLANG_WARN_QUOTED_INCLUDE_IN_FRAMEWORK_HEADER = YES;
				CLANG_WARN_RANGE_LOOP_ANALYSIS = YES;
				CLANG_WARN_STRICT_PROTOTYPES = YES;
				CLANG_WARN_SUSPICIOUS_MOVE = YES;
				CLANG_WARN_UNGUARDED_AVAILABILITY = YES_AGGRESSIVE;
				CLANG_WARN_UNREACHABLE_CODE = YES;
				CLANG_WARN__DUPLICATE_METHOD_MATCH = YES;
				COPY_PHASE_STRIP = NO;
				DEBUG_INFORMATION_FORMAT = "dwarf-with-dsym";
				ENABLE_NS_ASSERTIONS = NO;
				ENABLE_STRICT_OBJC_MSGSEND = YES;
				GCC_C_LANGUAGE_STANDARD = gnu11;
				GCC_NO_COMMON_BLOCKS = YES;
				GCC_WARN_64_TO_32_BIT_CONVERSION = YES;
				GCC_WARN_ABOUT_RETURN_TYPE = YES_ERROR;
				GCC_WARN_UNDECLARED_SELECTOR = YES;
				GCC_WARN_UNINITIALIZED_AUTOS = YES_AGGRESSIVE;
				GCC_WARN_UNUSED_FUNCTION = YES;
				GCC_WARN_UNUSED_VARIABLE = YES;
				IPHONEOS_DEPLOYMENT_TARGET = 14.1;
				MTL_ENABLE_DEBUG_INFO = NO;
				MTL_FAST_MATH = YES;
				SDKROOT = iphoneos;
				SWIFT_COMPILATION_MODE = wholemodule;
				SWIFT_OPTIMIZATION_LEVEL = "-O";
				VALIDATE_PRODUCT = YES;
			};
			name = Release;
		};
		13EE6D9B25BC648B001AB6A9 /* Debug */ = {
			isa = XCBuildConfiguration;
			baseConfigurationReference = E4445534F13DC8406B2FFB79 /* Pods-BeerApp.debug.xcconfig */;
			buildSettings = {
				ASSETCATALOG_COMPILER_APPICON_NAME = AppIcon;
				ASSETCATALOG_COMPILER_GLOBAL_ACCENT_COLOR_NAME = AccentColor;
				CODE_SIGN_STYLE = Automatic;
				DEVELOPMENT_TEAM = 83A37DHAFM;
				INFOPLIST_FILE = BeerApp/Info.plist;
				LD_RUNPATH_SEARCH_PATHS = (
					"$(inherited)",
					"@executable_path/Frameworks",
				);
				PRODUCT_BUNDLE_IDENTIFIER = com.PedroSAzevedo.BeerApp;
				PRODUCT_NAME = "$(TARGET_NAME)";
				SWIFT_VERSION = 5.0;
				TARGETED_DEVICE_FAMILY = "1,2";
			};
			name = Debug;
		};
		13EE6D9C25BC648B001AB6A9 /* Release */ = {
			isa = XCBuildConfiguration;
			baseConfigurationReference = 8C0F42F84BAF574276845C50 /* Pods-BeerApp.release.xcconfig */;
			buildSettings = {
				ASSETCATALOG_COMPILER_APPICON_NAME = AppIcon;
				ASSETCATALOG_COMPILER_GLOBAL_ACCENT_COLOR_NAME = AccentColor;
				CODE_SIGN_STYLE = Automatic;
				DEVELOPMENT_TEAM = 83A37DHAFM;
				INFOPLIST_FILE = BeerApp/Info.plist;
				LD_RUNPATH_SEARCH_PATHS = (
					"$(inherited)",
					"@executable_path/Frameworks",
				);
				PRODUCT_BUNDLE_IDENTIFIER = com.PedroSAzevedo.BeerApp;
				PRODUCT_NAME = "$(TARGET_NAME)";
				SWIFT_VERSION = 5.0;
				TARGETED_DEVICE_FAMILY = "1,2";
			};
			name = Release;
		};
		13EE6D9E25BC648B001AB6A9 /* Debug */ = {
			isa = XCBuildConfiguration;
			baseConfigurationReference = 7980445F62393DABB3FF953E /* Pods-BeerAppTests.debug.xcconfig */;
			buildSettings = {
				ALWAYS_EMBED_SWIFT_STANDARD_LIBRARIES = YES;
				BUNDLE_LOADER = "$(TEST_HOST)";
				CODE_SIGN_STYLE = Automatic;
				DEVELOPMENT_TEAM = 83A37DHAFM;
				INFOPLIST_FILE = BeerAppTests/Info.plist;
				IPHONEOS_DEPLOYMENT_TARGET = 14.1;
				LD_RUNPATH_SEARCH_PATHS = (
					"$(inherited)",
					"@executable_path/Frameworks",
					"@loader_path/Frameworks",
				);
				PRODUCT_BUNDLE_IDENTIFIER = com.PedroSAzevedo.BeerAppTests;
				PRODUCT_NAME = "$(TARGET_NAME)";
				SWIFT_VERSION = 5.0;
				TARGETED_DEVICE_FAMILY = "1,2";
				TEST_HOST = "$(BUILT_PRODUCTS_DIR)/BeerApp.app/BeerApp";
			};
			name = Debug;
		};
		13EE6D9F25BC648B001AB6A9 /* Release */ = {
			isa = XCBuildConfiguration;
			baseConfigurationReference = 4A57F6017A7906924E664569 /* Pods-BeerAppTests.release.xcconfig */;
			buildSettings = {
				ALWAYS_EMBED_SWIFT_STANDARD_LIBRARIES = YES;
				BUNDLE_LOADER = "$(TEST_HOST)";
				CODE_SIGN_STYLE = Automatic;
				DEVELOPMENT_TEAM = 83A37DHAFM;
				INFOPLIST_FILE = BeerAppTests/Info.plist;
				IPHONEOS_DEPLOYMENT_TARGET = 14.1;
				LD_RUNPATH_SEARCH_PATHS = (
					"$(inherited)",
					"@executable_path/Frameworks",
					"@loader_path/Frameworks",
				);
				PRODUCT_BUNDLE_IDENTIFIER = com.PedroSAzevedo.BeerAppTests;
				PRODUCT_NAME = "$(TARGET_NAME)";
				SWIFT_VERSION = 5.0;
				TARGETED_DEVICE_FAMILY = "1,2";
				TEST_HOST = "$(BUILT_PRODUCTS_DIR)/BeerApp.app/BeerApp";
			};
			name = Release;
		};
		13EE6DA125BC648B001AB6A9 /* Debug */ = {
			isa = XCBuildConfiguration;
			baseConfigurationReference = C13FACE54B71021C33F76231 /* Pods-BeerApp-BeerAppUITests.debug.xcconfig */;
			buildSettings = {
				ALWAYS_EMBED_SWIFT_STANDARD_LIBRARIES = YES;
				CODE_SIGN_STYLE = Automatic;
				DEVELOPMENT_TEAM = 83A37DHAFM;
				INFOPLIST_FILE = BeerAppUITests/Info.plist;
				LD_RUNPATH_SEARCH_PATHS = (
					"$(inherited)",
					"@executable_path/Frameworks",
					"@loader_path/Frameworks",
				);
				PRODUCT_BUNDLE_IDENTIFIER = com.PedroSAzevedo.BeerAppUITests;
				PRODUCT_NAME = "$(TARGET_NAME)";
				SWIFT_VERSION = 5.0;
				TARGETED_DEVICE_FAMILY = "1,2";
				TEST_TARGET_NAME = BeerApp;
			};
			name = Debug;
		};
		13EE6DA225BC648B001AB6A9 /* Release */ = {
			isa = XCBuildConfiguration;
			baseConfigurationReference = 39821F87811D6E3B9CFA7ECC /* Pods-BeerApp-BeerAppUITests.release.xcconfig */;
			buildSettings = {
				ALWAYS_EMBED_SWIFT_STANDARD_LIBRARIES = YES;
				CODE_SIGN_STYLE = Automatic;
				DEVELOPMENT_TEAM = 83A37DHAFM;
				INFOPLIST_FILE = BeerAppUITests/Info.plist;
				LD_RUNPATH_SEARCH_PATHS = (
					"$(inherited)",
					"@executable_path/Frameworks",
					"@loader_path/Frameworks",
				);
				PRODUCT_BUNDLE_IDENTIFIER = com.PedroSAzevedo.BeerAppUITests;
				PRODUCT_NAME = "$(TARGET_NAME)";
				SWIFT_VERSION = 5.0;
				TARGETED_DEVICE_FAMILY = "1,2";
				TEST_TARGET_NAME = BeerApp;
			};
			name = Release;
		};
/* End XCBuildConfiguration section */

/* Begin XCConfigurationList section */
		13EE6D6B25BC6489001AB6A9 /* Build configuration list for PBXProject "BeerApp" */ = {
			isa = XCConfigurationList;
			buildConfigurations = (
				13EE6D9825BC648B001AB6A9 /* Debug */,
				13EE6D9925BC648B001AB6A9 /* Release */,
			);
			defaultConfigurationIsVisible = 0;
			defaultConfigurationName = Release;
		};
		13EE6D9A25BC648B001AB6A9 /* Build configuration list for PBXNativeTarget "BeerApp" */ = {
			isa = XCConfigurationList;
			buildConfigurations = (
				13EE6D9B25BC648B001AB6A9 /* Debug */,
				13EE6D9C25BC648B001AB6A9 /* Release */,
			);
			defaultConfigurationIsVisible = 0;
			defaultConfigurationName = Release;
		};
		13EE6D9D25BC648B001AB6A9 /* Build configuration list for PBXNativeTarget "BeerAppTests" */ = {
			isa = XCConfigurationList;
			buildConfigurations = (
				13EE6D9E25BC648B001AB6A9 /* Debug */,
				13EE6D9F25BC648B001AB6A9 /* Release */,
			);
			defaultConfigurationIsVisible = 0;
			defaultConfigurationName = Release;
		};
		13EE6DA025BC648B001AB6A9 /* Build configuration list for PBXNativeTarget "BeerAppUITests" */ = {
			isa = XCConfigurationList;
			buildConfigurations = (
				13EE6DA125BC648B001AB6A9 /* Debug */,
				13EE6DA225BC648B001AB6A9 /* Release */,
			);
			defaultConfigurationIsVisible = 0;
			defaultConfigurationName = Release;
		};
/* End XCConfigurationList section */
	};
	rootObject = 13EE6D6825BC6489001AB6A9 /* Project object */;
}
